
Microsoft Visual Studio Solution File, Format Version 12.00
# Visual Studio 15
VisualStudioVersion = 15.0.26430.14
MinimumVisualStudioVersion = 10.0.40219.1
Project("{FAE04EC0-301F-11D3-BF4B-00C04F79EFBC}") = "TestDrive3.Android", "TestDrive3\TestDrive3.Android\TestDrive3.Android.csproj", "{79B6DD1E-8B4D-4720-9F67-1E2067B0089E}"
EndProject
Project("{FAE04EC0-301F-11D3-BF4B-00C04F79EFBC}") = "TestDrive3", "TestDrive3\TestDrive3\TestDrive3.csproj", "{0B517DFC-19D2-4F60-B5B6-361EB9B44802}"
EndProject
Project("{FAE04EC0-301F-11D3-BF4B-00C04F79EFBC}") = "TestDrive3.iOS", "TestDrive3\TestDrive3.iOS\TestDrive3.iOS.csproj", "{3708DF0D-09B5-42A6-8C62-2B1FC13BB2EF}"
EndProject
Global
	GlobalSection(SolutionConfigurationPlatforms) = preSolution
		Ad-Hoc|Any CPU = Ad-Hoc|Any CPU
		Ad-Hoc|ARM = Ad-Hoc|ARM
		Ad-Hoc|iPhone = Ad-Hoc|iPhone
		Ad-Hoc|iPhoneSimulator = Ad-Hoc|iPhoneSimulator
		Ad-Hoc|x64 = Ad-Hoc|x64
		Ad-Hoc|x86 = Ad-Hoc|x86
		AppStore|Any CPU = AppStore|Any CPU
		AppStore|ARM = AppStore|ARM
		AppStore|iPhone = AppStore|iPhone
		AppStore|iPhoneSimulator = AppStore|iPhoneSimulator
		AppStore|x64 = AppStore|x64
		AppStore|x86 = AppStore|x86
		Debug|Any CPU = Debug|Any CPU
		Debug|ARM = Debug|ARM
		Debug|iPhone = Debug|iPhone
		Debug|iPhoneSimulator = Debug|iPhoneSimulator
		Debug|x64 = Debug|x64
		Debug|x86 = Debug|x86
		Release|Any CPU = Release|Any CPU
		Release|ARM = Release|ARM
		Release|iPhone = Release|iPhone
		Release|iPhoneSimulator = Release|iPhoneSimulator
		Release|x64 = Release|x64
		Release|x86 = Release|x86
	EndGlobalSection
	GlobalSection(ProjectConfigurationPlatforms) = postSolution
		{79B6DD1E-8B4D-4720-9F67-1E2067B0089E}.Ad-Hoc|Any CPU.ActiveCfg = Release|Any CPU
		{79B6DD1E-8B4D-4720-9F67-1E2067B0089E}.Ad-Hoc|Any CPU.Build.0 = Release|Any CPU
		{79B6DD1E-8B4D-4720-9F67-1E2067B0089E}.Ad-Hoc|Any CPU.Deploy.0 = Release|Any CPU
		{79B6DD1E-8B4D-4720-9F67-1E2067B0089E}.Ad-Hoc|ARM.ActiveCfg = Release|Any CPU
		{79B6DD1E-8B4D-4720-9F67-1E2067B0089E}.Ad-Hoc|ARM.Build.0 = Release|Any CPU
		{79B6DD1E-8B4D-4720-9F67-1E2067B0089E}.Ad-Hoc|ARM.Deploy.0 = Release|Any CPU
		{79B6DD1E-8B4D-4720-9F67-1E2067B0089E}.Ad-Hoc|iPhone.ActiveCfg = Release|Any CPU
		{79B6DD1E-8B4D-4720-9F67-1E2067B0089E}.Ad-Hoc|iPhone.Build.0 = Release|Any CPU
		{79B6DD1E-8B4D-4720-9F67-1E2067B0089E}.Ad-Hoc|iPhone.Deploy.0 = Release|Any CPU
		{79B6DD1E-8B4D-4720-9F67-1E2067B0089E}.Ad-Hoc|iPhoneSimulator.ActiveCfg = Release|Any CPU
		{79B6DD1E-8B4D-4720-9F67-1E2067B0089E}.Ad-Hoc|iPhoneSimulator.Build.0 = Release|Any CPU
		{79B6DD1E-8B4D-4720-9F67-1E2067B0089E}.Ad-Hoc|iPhoneSimulator.Deploy.0 = Release|Any CPU
		{79B6DD1E-8B4D-4720-9F67-1E2067B0089E}.Ad-Hoc|x64.ActiveCfg = Release|Any CPU
		{79B6DD1E-8B4D-4720-9F67-1E2067B0089E}.Ad-Hoc|x64.Build.0 = Release|Any CPU
		{79B6DD1E-8B4D-4720-9F67-1E2067B0089E}.Ad-Hoc|x64.Deploy.0 = Release|Any CPU
		{79B6DD1E-8B4D-4720-9F67-1E2067B0089E}.Ad-Hoc|x86.ActiveCfg = Release|Any CPU
		{79B6DD1E-8B4D-4720-9F67-1E2067B0089E}.Ad-Hoc|x86.Build.0 = Release|Any CPU
		{79B6DD1E-8B4D-4720-9F67-1E2067B0089E}.Ad-Hoc|x86.Deploy.0 = Release|Any CPU
		{79B6DD1E-8B4D-4720-9F67-1E2067B0089E}.AppStore|Any CPU.ActiveCfg = Release|Any CPU
		{79B6DD1E-8B4D-4720-9F67-1E2067B0089E}.AppStore|Any CPU.Build.0 = Release|Any CPU
		{79B6DD1E-8B4D-4720-9F67-1E2067B0089E}.AppStore|Any CPU.Deploy.0 = Release|Any CPU
		{79B6DD1E-8B4D-4720-9F67-1E2067B0089E}.AppStore|ARM.ActiveCfg = Release|Any CPU
		{79B6DD1E-8B4D-4720-9F67-1E2067B0089E}.AppStore|ARM.Build.0 = Release|Any CPU
		{79B6DD1E-8B4D-4720-9F67-1E2067B0089E}.AppStore|ARM.Deploy.0 = Release|Any CPU
		{79B6DD1E-8B4D-4720-9F67-1E2067B0089E}.AppStore|iPhone.ActiveCfg = Release|Any CPU
		{79B6DD1E-8B4D-4720-9F67-1E2067B0089E}.AppStore|iPhone.Build.0 = Release|Any CPU
		{79B6DD1E-8B4D-4720-9F67-1E2067B0089E}.AppStore|iPhone.Deploy.0 = Release|Any CPU
		{79B6DD1E-8B4D-4720-9F67-1E2067B0089E}.AppStore|iPhoneSimulator.ActiveCfg = Release|Any CPU
		{79B6DD1E-8B4D-4720-9F67-1E2067B0089E}.AppStore|iPhoneSimulator.Build.0 = Release|Any CPU
		{79B6DD1E-8B4D-4720-9F67-1E2067B0089E}.AppStore|iPhoneSimulator.Deploy.0 = Release|Any CPU
		{79B6DD1E-8B4D-4720-9F67-1E2067B0089E}.AppStore|x64.ActiveCfg = Release|Any CPU
		{79B6DD1E-8B4D-4720-9F67-1E2067B0089E}.AppStore|x64.Build.0 = Release|Any CPU
		{79B6DD1E-8B4D-4720-9F67-1E2067B0089E}.AppStore|x64.Deploy.0 = Release|Any CPU
		{79B6DD1E-8B4D-4720-9F67-1E2067B0089E}.AppStore|x86.ActiveCfg = Release|Any CPU
		{79B6DD1E-8B4D-4720-9F67-1E2067B0089E}.AppStore|x86.Build.0 = Release|Any CPU
		{79B6DD1E-8B4D-4720-9F67-1E2067B0089E}.AppStore|x86.Deploy.0 = Release|Any CPU
		{79B6DD1E-8B4D-4720-9F67-1E2067B0089E}.Debug|Any CPU.ActiveCfg = Debug|Any CPU
		{79B6DD1E-8B4D-4720-9F67-1E2067B0089E}.Debug|Any CPU.Build.0 = Debug|Any CPU
		{79B6DD1E-8B4D-4720-9F67-1E2067B0089E}.Debug|Any CPU.Deploy.0 = Debug|Any CPU
		{79B6DD1E-8B4D-4720-9F67-1E2067B0089E}.Debug|ARM.ActiveCfg = Debug|Any CPU
		{79B6DD1E-8B4D-4720-9F67-1E2067B0089E}.Debug|ARM.Build.0 = Debug|Any CPU
		{79B6DD1E-8B4D-4720-9F67-1E2067B0089E}.Debug|ARM.Deploy.0 = Debug|Any CPU
		{79B6DD1E-8B4D-4720-9F67-1E2067B0089E}.Debug|iPhone.ActiveCfg = Debug|Any CPU
		{79B6DD1E-8B4D-4720-9F67-1E2067B0089E}.Debug|iPhone.Build.0 = Debug|Any CPU
		{79B6DD1E-8B4D-4720-9F67-1E2067B0089E}.Debug|iPhone.Deploy.0 = Debug|Any CPU
		{79B6DD1E-8B4D-4720-9F67-1E2067B0089E}.Debug|iPhoneSimulator.ActiveCfg = Debug|Any CPU
		{79B6DD1E-8B4D-4720-9F67-1E2067B0089E}.Debug|iPhoneSimulator.Build.0 = Debug|Any CPU
		{79B6DD1E-8B4D-4720-9F67-1E2067B0089E}.Debug|iPhoneSimulator.Deploy.0 = Debug|Any CPU
		{79B6DD1E-8B4D-4720-9F67-1E2067B0089E}.Debug|x64.ActiveCfg = Debug|Any CPU
		{79B6DD1E-8B4D-4720-9F67-1E2067B0089E}.Debug|x64.Build.0 = Debug|Any CPU
		{79B6DD1E-8B4D-4720-9F67-1E2067B0089E}.Debug|x64.Deploy.0 = Debug|Any CPU
		{79B6DD1E-8B4D-4720-9F67-1E2067B0089E}.Debug|x86.ActiveCfg = Debug|Any CPU
		{79B6DD1E-8B4D-4720-9F67-1E2067B0089E}.Debug|x86.Build.0 = Debug|Any CPU
		{79B6DD1E-8B4D-4720-9F67-1E2067B0089E}.Debug|x86.Deploy.0 = Debug|Any CPU
		{79B6DD1E-8B4D-4720-9F67-1E2067B0089E}.Release|Any CPU.ActiveCfg = Release|Any CPU
		{79B6DD1E-8B4D-4720-9F67-1E2067B0089E}.Release|Any CPU.Build.0 = Release|Any CPU
		{79B6DD1E-8B4D-4720-9F67-1E2067B0089E}.Release|Any CPU.Deploy.0 = Release|Any CPU
		{79B6DD1E-8B4D-4720-9F67-1E2067B0089E}.Release|ARM.ActiveCfg = Release|Any CPU
		{79B6DD1E-8B4D-4720-9F67-1E2067B0089E}.Release|ARM.Build.0 = Release|Any CPU
		{79B6DD1E-8B4D-4720-9F67-1E2067B0089E}.Release|ARM.Deploy.0 = Release|Any CPU
		{79B6DD1E-8B4D-4720-9F67-1E2067B0089E}.Release|iPhone.ActiveCfg = Release|Any CPU
		{79B6DD1E-8B4D-4720-9F67-1E2067B0089E}.Release|iPhone.Build.0 = Release|Any CPU
		{79B6DD1E-8B4D-4720-9F67-1E2067B0089E}.Release|iPhone.Deploy.0 = Release|Any CPU
		{79B6DD1E-8B4D-4720-9F67-1E2067B0089E}.Release|iPhoneSimulator.ActiveCfg = Release|Any CPU
		{79B6DD1E-8B4D-4720-9F67-1E2067B0089E}.Release|iPhoneSimulator.Build.0 = Release|Any CPU
		{79B6DD1E-8B4D-4720-9F67-1E2067B0089E}.Release|iPhoneSimulator.Deploy.0 = Release|Any CPU
		{79B6DD1E-8B4D-4720-9F67-1E2067B0089E}.Release|x64.ActiveCfg = Release|Any CPU
		{79B6DD1E-8B4D-4720-9F67-1E2067B0089E}.Release|x64.Build.0 = Release|Any CPU
		{79B6DD1E-8B4D-4720-9F67-1E2067B0089E}.Release|x64.Deploy.0 = Release|Any CPU
		{79B6DD1E-8B4D-4720-9F67-1E2067B0089E}.Release|x86.ActiveCfg = Release|Any CPU
		{79B6DD1E-8B4D-4720-9F67-1E2067B0089E}.Release|x86.Build.0 = Release|Any CPU
		{79B6DD1E-8B4D-4720-9F67-1E2067B0089E}.Release|x86.Deploy.0 = Release|Any CPU
		{0B517DFC-19D2-4F60-B5B6-361EB9B44802}.Ad-Hoc|Any CPU.ActiveCfg = Release|Any CPU
		{0B517DFC-19D2-4F60-B5B6-361EB9B44802}.Ad-Hoc|Any CPU.Build.0 = Release|Any CPU
		{0B517DFC-19D2-4F60-B5B6-361EB9B44802}.Ad-Hoc|ARM.ActiveCfg = Release|Any CPU
		{0B517DFC-19D2-4F60-B5B6-361EB9B44802}.Ad-Hoc|ARM.Build.0 = Release|Any CPU
		{0B517DFC-19D2-4F60-B5B6-361EB9B44802}.Ad-Hoc|iPhone.ActiveCfg = Release|Any CPU
		{0B517DFC-19D2-4F60-B5B6-361EB9B44802}.Ad-Hoc|iPhone.Build.0 = Release|Any CPU
		{0B517DFC-19D2-4F60-B5B6-361EB9B44802}.Ad-Hoc|iPhoneSimulator.ActiveCfg = Release|Any CPU
		{0B517DFC-19D2-4F60-B5B6-361EB9B44802}.Ad-Hoc|iPhoneSimulator.Build.0 = Release|Any CPU
		{0B517DFC-19D2-4F60-B5B6-361EB9B44802}.Ad-Hoc|x64.ActiveCfg = Release|Any CPU
		{0B517DFC-19D2-4F60-B5B6-361EB9B44802}.Ad-Hoc|x64.Build.0 = Release|Any CPU
		{0B517DFC-19D2-4F60-B5B6-361EB9B44802}.Ad-Hoc|x86.ActiveCfg = Release|Any CPU
		{0B517DFC-19D2-4F60-B5B6-361EB9B44802}.Ad-Hoc|x86.Build.0 = Release|Any CPU
		{0B517DFC-19D2-4F60-B5B6-361EB9B44802}.AppStore|Any CPU.ActiveCfg = Release|Any CPU
		{0B517DFC-19D2-4F60-B5B6-361EB9B44802}.AppStore|Any CPU.Build.0 = Release|Any CPU
		{0B517DFC-19D2-4F60-B5B6-361EB9B44802}.AppStore|ARM.ActiveCfg = Release|Any CPU
		{0B517DFC-19D2-4F60-B5B6-361EB9B44802}.AppStore|ARM.Build.0 = Release|Any CPU
		{0B517DFC-19D2-4F60-B5B6-361EB9B44802}.AppStore|iPhone.ActiveCfg = Release|Any CPU
		{0B517DFC-19D2-4F60-B5B6-361EB9B44802}.AppStore|iPhone.Build.0 = Release|Any CPU
		{0B517DFC-19D2-4F60-B5B6-361EB9B44802}.AppStore|iPhoneSimulator.ActiveCfg = Release|Any CPU
		{0B517DFC-19D2-4F60-B5B6-361EB9B44802}.AppStore|iPhoneSimulator.Build.0 = Release|Any CPU
		{0B517DFC-19D2-4F60-B5B6-361EB9B44802}.AppStore|x64.ActiveCfg = Release|Any CPU
		{0B517DFC-19D2-4F60-B5B6-361EB9B44802}.AppStore|x64.Build.0 = Release|Any CPU
		{0B517DFC-19D2-4F60-B5B6-361EB9B44802}.AppStore|x86.ActiveCfg = Release|Any CPU
		{0B517DFC-19D2-4F60-B5B6-361EB9B44802}.AppStore|x86.Build.0 = Release|Any CPU
		{0B517DFC-19D2-4F60-B5B6-361EB9B44802}.Debug|Any CPU.ActiveCfg = Debug|Any CPU
		{0B517DFC-19D2-4F60-B5B6-361EB9B44802}.Debug|Any CPU.Build.0 = Debug|Any CPU
		{0B517DFC-19D2-4F60-B5B6-361EB9B44802}.Debug|ARM.ActiveCfg = Debug|Any CPU
		{0B517DFC-19D2-4F60-B5B6-361EB9B44802}.Debug|ARM.Build.0 = Debug|Any CPU
		{0B517DFC-19D2-4F60-B5B6-361EB9B44802}.Debug|iPhone.ActiveCfg = Debug|Any CPU
		{0B517DFC-19D2-4F60-B5B6-361EB9B44802}.Debug|iPhone.Build.0 = Debug|Any CPU
		{0B517DFC-19D2-4F60-B5B6-361EB9B44802}.Debug|iPhoneSimulator.ActiveCfg = Debug|Any CPU
		{0B517DFC-19D2-4F60-B5B6-361EB9B44802}.Debug|iPhoneSimulator.Build.0 = Debug|Any CPU
		{0B517DFC-19D2-4F60-B5B6-361EB9B44802}.Debug|x64.ActiveCfg = Debug|Any CPU
		{0B517DFC-19D2-4F60-B5B6-361EB9B44802}.Debug|x64.Build.0 = Debug|Any CPU
		{0B517DFC-19D2-4F60-B5B6-361EB9B44802}.Debug|x86.ActiveCfg = Debug|Any CPU
		{0B517DFC-19D2-4F60-B5B6-361EB9B44802}.Debug|x86.Build.0 = Debug|Any CPU
		{0B517DFC-19D2-4F60-B5B6-361EB9B44802}.Release|Any CPU.ActiveCfg = Release|Any CPU
		{0B517DFC-19D2-4F60-B5B6-361EB9B44802}.Release|Any CPU.Build.0 = Release|Any CPU
		{0B517DFC-19D2-4F60-B5B6-361EB9B44802}.Release|ARM.ActiveCfg = Release|Any CPU
		{0B517DFC-19D2-4F60-B5B6-361EB9B44802}.Release|ARM.Build.0 = Release|Any CPU
		{0B517DFC-19D2-4F60-B5B6-361EB9B44802}.Release|iPhone.ActiveCfg = Release|Any CPU
		{0B517DFC-19D2-4F60-B5B6-361EB9B44802}.Release|iPhone.Build.0 = Release|Any CPU
		{0B517DFC-19D2-4F60-B5B6-361EB9B44802}.Release|iPhoneSimulator.ActiveCfg = Release|Any CPU
		{0B517DFC-19D2-4F60-B5B6-361EB9B44802}.Release|iPhoneSimulator.Build.0 = Release|Any CPU
		{0B517DFC-19D2-4F60-B5B6-361EB9B44802}.Release|x64.ActiveCfg = Release|Any CPU
		{0B517DFC-19D2-4F60-B5B6-361EB9B44802}.Release|x64.Build.0 = Release|Any CPU
		{0B517DFC-19D2-4F60-B5B6-361EB9B44802}.Release|x86.ActiveCfg = Release|Any CPU
		{0B517DFC-19D2-4F60-B5B6-361EB9B44802}.Release|x86.Build.0 = Release|Any CPU
		{3708DF0D-09B5-42A6-8C62-2B1FC13BB2EF}.Ad-Hoc|Any CPU.ActiveCfg = Ad-Hoc|iPhone
		{3708DF0D-09B5-42A6-8C62-2B1FC13BB2EF}.Ad-Hoc|ARM.ActiveCfg = Ad-Hoc|iPhone
		{3708DF0D-09B5-42A6-8C62-2B1FC13BB2EF}.Ad-Hoc|iPhone.ActiveCfg = Ad-Hoc|iPhone
		{3708DF0D-09B5-42A6-8C62-2B1FC13BB2EF}.Ad-Hoc|iPhone.Build.0 = Ad-Hoc|iPhone
		{3708DF0D-09B5-42A6-8C62-2B1FC13BB2EF}.Ad-Hoc|iPhoneSimulator.ActiveCfg = Ad-Hoc|iPhoneSimulator
		{3708DF0D-09B5-42A6-8C62-2B1FC13BB2EF}.Ad-Hoc|iPhoneSimulator.Build.0 = Ad-Hoc|iPhoneSimulator
		{3708DF0D-09B5-42A6-8C62-2B1FC13BB2EF}.Ad-Hoc|x64.ActiveCfg = Ad-Hoc|iPhone
		{3708DF0D-09B5-42A6-8C62-2B1FC13BB2EF}.Ad-Hoc|x86.ActiveCfg = Ad-Hoc|iPhone
		{3708DF0D-09B5-42A6-8C62-2B1FC13BB2EF}.AppStore|Any CPU.ActiveCfg = AppStore|iPhone
		{3708DF0D-09B5-42A6-8C62-2B1FC13BB2EF}.AppStore|ARM.ActiveCfg = AppStore|iPhone
		{3708DF0D-09B5-42A6-8C62-2B1FC13BB2EF}.AppStore|iPhone.ActiveCfg = AppStore|iPhone
		{3708DF0D-09B5-42A6-8C62-2B1FC13BB2EF}.AppStore|iPhone.Build.0 = AppStore|iPhone
		{3708DF0D-09B5-42A6-8C62-2B1FC13BB2EF}.AppStore|iPhoneSimulator.ActiveCfg = AppStore|iPhoneSimulator
		{3708DF0D-09B5-42A6-8C62-2B1FC13BB2EF}.AppStore|iPhoneSimulator.Build.0 = AppStore|iPhoneSimulator
		{3708DF0D-09B5-42A6-8C62-2B1FC13BB2EF}.AppStore|x64.ActiveCfg = AppStore|iPhone
		{3708DF0D-09B5-42A6-8C62-2B1FC13BB2EF}.AppStore|x86.ActiveCfg = AppStore|iPhone
		{3708DF0D-09B5-42A6-8C62-2B1FC13BB2EF}.Debug|Any CPU.ActiveCfg = Debug|iPhone
		{3708DF0D-09B5-42A6-8C62-2B1FC13BB2EF}.Debug|ARM.ActiveCfg = Debug|iPhone
		{3708DF0D-09B5-42A6-8C62-2B1FC13BB2EF}.Debug|iPhone.ActiveCfg = Debug|iPhone
		{3708DF0D-09B5-42A6-8C62-2B1FC13BB2EF}.Debug|iPhone.Build.0 = Debug|iPhone
		{3708DF0D-09B5-42A6-8C62-2B1FC13BB2EF}.Debug|iPhoneSimulator.ActiveCfg = Debug|iPhoneSimulator
		{3708DF0D-09B5-42A6-8C62-2B1FC13BB2EF}.Debug|iPhoneSimulator.Build.0 = Debug|iPhoneSimulator
		{3708DF0D-09B5-42A6-8C62-2B1FC13BB2EF}.Debug|x64.ActiveCfg = Debug|iPhone
		{3708DF0D-09B5-42A6-8C62-2B1FC13BB2EF}.Debug|x86.ActiveCfg = Debug|iPhone
		{3708DF0D-09B5-42A6-8C62-2B1FC13BB2EF}.Release|Any CPU.ActiveCfg = Release|iPhone
		{3708DF0D-09B5-42A6-8C62-2B1FC13BB2EF}.Release|ARM.ActiveCfg = Release|iPhone
		{3708DF0D-09B5-42A6-8C62-2B1FC13BB2EF}.Release|iPhone.ActiveCfg = Release|iPhone
		{3708DF0D-09B5-42A6-8C62-2B1FC13BB2EF}.Release|iPhone.Build.0 = Release|iPhone
		{3708DF0D-09B5-42A6-8C62-2B1FC13BB2EF}.Release|iPhoneSimulator.ActiveCfg = Release|iPhoneSimulator
		{3708DF0D-09B5-42A6-8C62-2B1FC13BB2EF}.Release|iPhoneSimulator.Build.0 = Release|iPhoneSimulator
		{3708DF0D-09B5-42A6-8C62-2B1FC13BB2EF}.Release|x64.ActiveCfg = Release|iPhone
		{3708DF0D-09B5-42A6-8C62-2B1FC13BB2EF}.Release|x86.ActiveCfg = Release|iPhone
	EndGlobalSection
	GlobalSection(SolutionProperties) = preSolution
		HideSolutionNode = FALSE
	EndGlobalSection
EndGlobal
